
Microsoft Visual Studio Solution File, Format Version 12.00
# Visual Studio Version 16
VisualStudioVersion = 16.0.31624.102
MinimumVisualStudioVersion = 10.0.40219.1
Project("{FAE04EC0-301F-11D3-BF4B-00C04F79EFBC}") = "multiArrayConsoleApp", "multiArrayConsoleApp\multiArrayConsoleApp.csproj", "{DBCE8BD2-851D-440A-98E5-0FBEE9C25791}"
EndProject
Global
	GlobalSection(SolutionConfigurationPlatforms) = preSolution
		Debug|Any CPU = Debug|Any CPU
		Release|Any CPU = Release|Any CPU
	EndGlobalSection
	GlobalSection(ProjectConfigurationPlatforms) = postSolution
		{DBCE8BD2-851D-440A-98E5-0FBEE9C25791}.Debug|Any CPU.ActiveCfg = Debug|Any CPU
		{DBCE8BD2-851D-440A-98E5-0FBEE9C25791}.Debug|Any CPU.Build.0 = Debug|Any CPU
		{DBCE8BD2-851D-440A-98E5-0FBEE9C25791}.Release|Any CPU.ActiveCfg = Release|Any CPU
		{DBCE8BD2-851D-440A-98E5-0FBEE9C25791}.Release|Any CPU.Build.0 = Release|Any CPU
	EndGlobalSection
	GlobalSection(SolutionProperties) = preSolution
		HideSolutionNode = FALSE
	EndGlobalSection
	GlobalSection(ExtensibilityGlobals) = postSolution
		SolutionGuid = {35F2F0FA-1D78-45A8-8791-B454D84A7928}
	EndGlobalSection
EndGlobal
